// !$*UTF8*$!
{
	archiveVersion = 1;
	classes = {
	};
	objectVersion = 50;
	objects = {

/* Begin PBXBuildFile section */
		CE5F2E1624A2F227004B0837 /* AppDelegate.swift in Sources */ = {isa = PBXBuildFile; fileRef = CE5F2E1524A2F227004B0837 /* AppDelegate.swift */; };
		CE5F2E1824A2F227004B0837 /* SceneDelegate.swift in Sources */ = {isa = PBXBuildFile; fileRef = CE5F2E1724A2F227004B0837 /* SceneDelegate.swift */; };
		CE5F2E1A24A2F227004B0837 /* ViewController.swift in Sources */ = {isa = PBXBuildFile; fileRef = CE5F2E1924A2F227004B0837 /* ViewController.swift */; };
		CE5F2E1D24A2F227004B0837 /* Main.storyboard in Resources */ = {isa = PBXBuildFile; fileRef = CE5F2E1B24A2F227004B0837 /* Main.storyboard */; };
		CE5F2E1F24A2F22C004B0837 /* Assets.xcassets in Resources */ = {isa = PBXBuildFile; fileRef = CE5F2E1E24A2F22C004B0837 /* Assets.xcassets */; };
		CE5F2E2224A2F22C004B0837 /* LaunchScreen.storyboard in Resources */ = {isa = PBXBuildFile; fileRef = CE5F2E2024A2F22C004B0837 /* LaunchScreen.storyboard */; };
/* End PBXBuildFile section */

/* Begin PBXFileReference section */
		CE5F2E1224A2F227004B0837 /* todo_Simranjeet Kaur_c0778639.app */ = {isa = PBXFileReference; explicitFileType = wrapper.application; includeInIndex = 0; path = "todo_Simranjeet Kaur_c0778639.app"; sourceTree = BUILT_PRODUCTS_DIR; };
		CE5F2E1524A2F227004B0837 /* AppDelegate.swift */ = {isa = PBXFileReference; lastKnownFileType = sourcecode.swift; path = AppDelegate.swift; sourceTree = "<group>"; };
		CE5F2E1724A2F227004B0837 /* SceneDelegate.swift */ = {isa = PBXFileReference; lastKnownFileType = sourcecode.swift; path = SceneDelegate.swift; sourceTree = "<group>"; };
		CE5F2E1924A2F227004B0837 /* ViewController.swift */ = {isa = PBXFileReference; lastKnownFileType = sourcecode.swift; path = ViewController.swift; sourceTree = "<group>"; };
		CE5F2E1C24A2F227004B0837 /* Base */ = {isa = PBXFileReference; lastKnownFileType = file.storyboard; name = Base; path = Base.lproj/Main.storyboard; sourceTree = "<group>"; };
		CE5F2E1E24A2F22C004B0837 /* Assets.xcassets */ = {isa = PBXFileReference; lastKnownFileType = folder.assetcatalog; path = Assets.xcassets; sourceTree = "<group>"; };
		CE5F2E2124A2F22C004B0837 /* Base */ = {isa = PBXFileReference; lastKnownFileType = file.storyboard; name = Base; path = Base.lproj/LaunchScreen.storyboard; sourceTree = "<group>"; };
		CE5F2E2324A2F22C004B0837 /* Info.plist */ = {isa = PBXFileReference; lastKnownFileType = text.plist.xml; path = Info.plist; sourceTree = "<group>"; };
/* End PBXFileReference section */

/* Begin PBXFrameworksBuildPhase section */
		CE5F2E0F24A2F227004B0837 /* Frameworks */ = {
			isa = PBXFrameworksBuildPhase;
			buildActionMask = 2147483647;
			files = (
			);
			runOnlyForDeploymentPostprocessing = 0;
		};
/* End PBXFrameworksBuildPhase section */

/* Begin PBXGroup section */
		CE5F2E0924A2F227004B0837 = {
			isa = PBXGroup;
			children = (
				CE5F2E1424A2F227004B0837 /* todo_Simranjeet Kaur_c0778639 */,
				CE5F2E1324A2F227004B0837 /* Products */,
			);
			sourceTree = "<group>";
		};
		CE5F2E1324A2F227004B0837 /* Products */ = {
			isa = PBXGroup;
			children = (
				CE5F2E1224A2F227004B0837 /* todo_Simranjeet Kaur_c0778639.app */,
			);
			name = Products;
			sourceTree = "<group>";
		};
		CE5F2E1424A2F227004B0837 /* todo_Simranjeet Kaur_c0778639 */ = {
			isa = PBXGroup;
			children = (
				CE5F2E1524A2F227004B0837 /* AppDelegate.swift */,
				CE5F2E1724A2F227004B0837 /* SceneDelegate.swift */,
				CE5F2E1924A2F227004B0837 /* ViewController.swift */,
				CE5F2E1B24A2F227004B0837 /* Main.storyboard */,
				CE5F2E1E24A2F22C004B0837 /* Assets.xcassets */,
				CE5F2E2024A2F22C004B0837 /* LaunchScreen.storyboard */,
				CE5F2E2324A2F22C004B0837 /* Info.plist */,
			);
			path = "todo_Simranjeet Kaur_c0778639";
			sourceTree = "<group>";
		};
/* End PBXGroup section */

/* Begin PBXNativeTarget section */
		CE5F2E1124A2F227004B0837 /* todo_Simranjeet Kaur_c0778639 */ = {
			isa = PBXNativeTarget;
			buildConfigurationList = CE5F2E2624A2F22C004B0837 /* Build configuration list for PBXNativeTarget "todo_Simranjeet Kaur_c0778639" */;
			buildPhases = (
				CE5F2E0E24A2F227004B0837 /* Sources */,
				CE5F2E0F24A2F227004B0837 /* Frameworks */,
				CE5F2E1024A2F227004B0837 /* Resources */,
			);
			buildRules = (
			);
			dependencies = (
			);
			name = "todo_Simranjeet Kaur_c0778639";
			productName = "todo_Simranjeet Kaur_c0778639";
			productReference = CE5F2E1224A2F227004B0837 /* todo_Simranjeet Kaur_c0778639.app */;
			productType = "com.apple.product-type.application";
		};
/* End PBXNativeTarget section */

/* Begin PBXProject section */
		CE5F2E0A24A2F227004B0837 /* Project object */ = {
			isa = PBXProject;
			attributes = {
				LastSwiftUpdateCheck = 1150;
				LastUpgradeCheck = 1150;
				ORGANIZATIONNAME = "Simranjeet kaur";
				TargetAttributes = {
					CE5F2E1124A2F227004B0837 = {
						CreatedOnToolsVersion = 11.5;
					};
				};
			};
			buildConfigurationList = CE5F2E0D24A2F227004B0837 /* Build configuration list for PBXProject "todo_Simranjeet Kaur_c0778639" */;
			compatibilityVersion = "Xcode 9.3";
			developmentRegion = en;
			hasScannedForEncodings = 0;
			knownRegions = (
				en,
				Base,
			);
			mainGroup = CE5F2E0924A2F227004B0837;
			productRefGroup = CE5F2E1324A2F227004B0837 /* Products */;
			projectDirPath = "";
			projectRoot = "";
			targets = (
				CE5F2E1124A2F227004B0837 /* todo_Simranjeet Kaur_c0778639 */,
			);
		};
/* End PBXProject section */

/* Begin PBXResourcesBuildPhase section */
		CE5F2E1024A2F227004B0837 /* Resources */ = {
			isa = PBXResourcesBuildPhase;
			buildActionMask = 2147483647;
			files = (
				CE5F2E2224A2F22C004B0837 /* LaunchScreen.storyboard in Resources */,
				CE5F2E1F24A2F22C004B0837 /* Assets.xcassets in Resources */,
				CE5F2E1D24A2F227004B0837 /* Main.storyboard in Resources */,
			);
			runOnlyForDeploymentPostprocessing = 0;
		};
/* End PBXResourcesBuildPhase section */

/* Begin PBXSourcesBuildPhase section */
		CE5F2E0E24A2F227004B0837 /* Sources */ = {
			isa = PBXSourcesBuildPhase;
			buildActionMask = 2147483647;
			files = (
				CE5F2E1A24A2F227004B0837 /* ViewController.swift in Sources */,
				CE5F2E1624A2F227004B0837 /* AppDelegate.swift in Sources */,
				CE5F2E1824A2F227004B0837 /* SceneDelegate.swift in Sources */,
			);
			runOnlyForDeploymentPostprocessing = 0;
		};
/* End PBXSourcesBuildPhase section */

/* Begin PBXVariantGroup section */
		CE5F2E1B24A2F227004B0837 /* Main.storyboard */ = {
			isa = PBXVariantGroup;
			children = (
				CE5F2E1C24A2F227004B0837 /* Base */,
			);
			name = Main.storyboard;
			sourceTree = "<group>";
		};
		CE5F2E2024A2F22C004B0837 /* LaunchScreen.storyboard */ = {
			isa = PBXVariantGroup;
			children = (
				CE5F2E2124A2F22C004B0837 /* Base */,
			);
			name = LaunchScreen.storyboard;
			sourceTree = "<group>";
		};
/* End PBXVariantGroup section */

/* Begin XCBuildConfiguration section */
		CE5F2E2424A2F22C004B0837 /* Debug */ = {
			isa = XCBuildConfiguration;
			buildSettings = {
				ALWAYS_SEARCH_USER_PATHS = NO;
				CLANG_ANALYZER_NONNULL = YES;
				CLANG_ANALYZER_NUMBER_OBJECT_CONVERSION = YES_AGGRESSIVE;
				CLANG_CXX_LANGUAGE_STANDARD = "gnu++14";
				CLANG_CXX_LIBRARY = "libc++";
				CLANG_ENABLE_MODULES = YES;
				CLANG_ENABLE_OBJC_ARC = YES;
				CLANG_ENABLE_OBJC_WEAK = YES;
				CLANG_WARN_BLOCK_CAPTURE_AUTORELEASING = YES;
				CLANG_WARN_BOOL_CONVERSION = YES;
				CLANG_WARN_COMMA = YES;
				CLANG_WARN_CONSTANT_CONVERSION = YES;
				CLANG_WARN_DEPRECATED_OBJC_IMPLEMENTATIONS = YES;
				CLANG_WARN_DIRECT_OBJC_ISA_USAGE = YES_ERROR;
				CLANG_WARN_DOCUMENTATION_COMMENTS = YES;
				CLANG_WARN_EMPTY_BODY = YES;
				CLANG_WARN_ENUM_CONVERSION = YES;
				CLANG_WARN_INFINITE_RECURSION = YES;
				CLANG_WARN_INT_CONVERSION = YES;
				CLANG_WARN_NON_LITERAL_NULL_CONVERSION = YES;
				CLANG_WARN_OBJC_IMPLICIT_RETAIN_SELF = YES;
				CLANG_WARN_OBJC_LITERAL_CONVERSION = YES;
				CLANG_WARN_OBJC_ROOT_CLASS = YES_ERROR;
				CLANG_WARN_RANGE_LOOP_ANALYSIS = YES;
				CLANG_WARN_STRICT_PROTOTYPES = YES;
				CLANG_WARN_SUSPICIOUS_MOVE = YES;
				CLANG_WARN_UNGUARDED_AVAILABILITY = YES_AGGRESSIVE;
				CLANG_WARN_UNREACHABLE_CODE = YES;
				CLANG_WARN__DUPLICATE_METHOD_MATCH = YES;
				COPY_PHASE_STRIP = NO;
				DEBUG_INFORMATION_FORMAT = dwarf;
				ENABLE_STRICT_OBJC_MSGSEND = YES;
				ENABLE_TESTABILITY = YES;
				GCC_C_LANGUAGE_STANDARD = gnu11;
				GCC_DYNAMIC_NO_PIC = NO;
				GCC_NO_COMMON_BLOCKS = YES;
				GCC_OPTIMIZATION_LEVEL = 0;
				GCC_PREPROCESSOR_DEFINITIONS = (
					"DEBUG=1",
					"$(inherited)",
				);
				GCC_WARN_64_TO_32_BIT_CONVERSION = YES;
				GCC_WARN_ABOUT_RETURN_TYPE = YES_ERROR;
				GCC_WARN_UNDECLARED_SELECTOR = YES;
				GCC_WARN_UNINITIALIZED_AUTOS = YES_AGGRESSIVE;
				GCC_WARN_UNUSED_FUNCTION = YES;
				GCC_WARN_UNUSED_VARIABLE = YES;
				IPHONEOS_DEPLOYMENT_TARGET = 13.5;
				MTL_ENABLE_DEBUG_INFO = INCLUDE_SOURCE;
				MTL_FAST_MATH = YES;
				ONLY_ACTIVE_ARCH = YES;
				SDKROOT = iphoneos;
				SWIFT_ACTIVE_COMPILATION_CONDITIONS = DEBUG;
				SWIFT_OPTIMIZATION_LEVEL = "-Onone";
			};
			name = Debug;
		};
		CE5F2E2524A2F22C004B0837 /* Release */ = {
			isa = XCBuildConfiguration;
			buildSettings = {
				ALWAYS_SEARCH_USER_PATHS = NO;
				CLANG_ANALYZER_NONNULL = YES;
				CLANG_ANALYZER_NUMBER_OBJECT_CONVERSION = YES_AGGRESSIVE;
				CLANG_CXX_LANGUAGE_STANDARD = "gnu++14";
				CLANG_CXX_LIBRARY = "libc++";
				CLANG_ENABLE_MODULES = YES;
				CLANG_ENABLE_OBJC_ARC = YES;
				CLANG_ENABLE_OBJC_WEAK = YES;
				CLANG_WARN_BLOCK_CAPTURE_AUTORELEASING = YES;
				CLANG_WARN_BOOL_CONVERSION = YES;
				CLANG_WARN_COMMA = YES;
				CLANG_WARN_CONSTANT_CONVERSION = YES;
				CLANG_WARN_DEPRECATED_OBJC_IMPLEMENTATIONS = YES;
				CLANG_WARN_DIRECT_OBJC_ISA_USAGE = YES_ERROR;
				CLANG_WARN_DOCUMENTATION_COMMENTS = YES;
				CLANG_WARN_EMPTY_BODY = YES;
				CLANG_WARN_ENUM_CONVERSION = YES;
				CLANG_WARN_INFINITE_RECURSION = YES;
				CLANG_WARN_INT_CONVERSION = YES;
				CLANG_WARN_NON_LITERAL_NULL_CONVERSION = YES;
				CLANG_WARN_OBJC_IMPLICIT_RETAIN_SELF = YES;
				CLANG_WARN_OBJC_LITERAL_CONVERSION = YES;
				CLANG_WARN_OBJC_ROOT_CLASS = YES_ERROR;
				CLANG_WARN_RANGE_LOOP_ANALYSIS = YES;
				CLANG_WARN_STRICT_PROTOTYPES = YES;
				CLANG_WARN_SUSPICIOUS_MOVE = YES;
				CLANG_WARN_UNGUARDED_AVAILABILITY = YES_AGGRESSIVE;
				CLANG_WARN_UNREACHABLE_CODE = YES;
				CLANG_WARN__DUPLICATE_METHOD_MATCH = YES;
				COPY_PHASE_STRIP = NO;
				DEBUG_INFORMATION_FORMAT = "dwarf-with-dsym";
				ENABLE_NS_ASSERTIONS = NO;
				ENABLE_STRICT_OBJC_MSGSEND = YES;
				GCC_C_LANGUAGE_STANDARD = gnu11;
				GCC_NO_COMMON_BLOCKS = YES;
				GCC_WARN_64_TO_32_BIT_CONVERSION = YES;
				GCC_WARN_ABOUT_RETURN_TYPE = YES_ERROR;
				GCC_WARN_UNDECLARED_SELECTOR = YES;
				GCC_WARN_UNINITIALIZED_AUTOS = YES_AGGRESSIVE;
				GCC_WARN_UNUSED_FUNCTION = YES;
				GCC_WARN_UNUSED_VARIABLE = YES;
				IPHONEOS_DEPLOYMENT_TARGET = 13.5;
				MTL_ENABLE_DEBUG_INFO = NO;
				MTL_FAST_MATH = YES;
				SDKROOT = iphoneos;
				SWIFT_COMPILATION_MODE = wholemodule;
				SWIFT_OPTIMIZATION_LEVEL = "-O";
				VALIDATE_PRODUCT = YES;
			};
			name = Release;
		};
		CE5F2E2724A2F22C004B0837 /* Debug */ = {
			isa = XCBuildConfiguration;
			buildSettings = {
				ASSETCATALOG_COMPILER_APPICON_NAME = AppIcon;
				CODE_SIGN_STYLE = Automatic;
				INFOPLIST_FILE = "todo_Simranjeet Kaur_c0778639/Info.plist";
				LD_RUNPATH_SEARCH_PATHS = (
					"$(inherited)",
					"@executable_path/Frameworks",
				);
				PRODUCT_BUNDLE_IDENTIFIER = "com.example.skaur.todo-Simranjeet-Kaur-c0778639";
				PRODUCT_NAME = "$(TARGET_NAME)";
				SWIFT_VERSION = 5.0;
				TARGETED_DEVICE_FAMILY = "1,2";
			};
			name = Debug;
		};
		CE5F2E2824A2F22C004B0837 /* Release */ = {
			isa = XCBuildConfiguration;
			buildSettings = {
				ASSETCATALOG_COMPILER_APPICON_NAME = AppIcon;
				CODE_SIGN_STYLE = Automatic;
				INFOPLIST_FILE = "todo_Simranjeet Kaur_c0778639/Info.plist";
				LD_RUNPATH_SEARCH_PATHS = (
					"$(inherited)",
					"@executable_path/Frameworks",
				);
				PRODUCT_BUNDLE_IDENTIFIER = "com.example.skaur.todo-Simranjeet-Kaur-c0778639";
				PRODUCT_NAME = "$(TARGET_NAME)";
				SWIFT_VERSION = 5.0;
				TARGETED_DEVICE_FAMILY = "1,2";
			};
			name = Release;
		};
/* End XCBuildConfiguration section */

/* Begin XCConfigurationList section */
		CE5F2E0D24A2F227004B0837 /* Build configuration list for PBXProject "todo_Simranjeet Kaur_c0778639" */ = {
			isa = XCConfigurationList;
			buildConfigurations = (
				CE5F2E2424A2F22C004B0837 /* Debug */,
				CE5F2E2524A2F22C004B0837 /* Release */,
			);
			defaultConfigurationIsVisible = 0;
			defaultConfigurationName = Release;
		};
		CE5F2E2624A2F22C004B0837 /* Build configuration list for PBXNativeTarget "todo_Simranjeet Kaur_c0778639" */ = {
			isa = XCConfigurationList;
			buildConfigurations = (
				CE5F2E2724A2F22C004B0837 /* Debug */,
				CE5F2E2824A2F22C004B0837 /* Release */,
			);
			defaultConfigurationIsVisible = 0;
			defaultConfigurationName = Release;
		};
/* End XCConfigurationList section */
	};
	rootObject = CE5F2E0A24A2F227004B0837 /* Project object */;
}
